{
  "name": "BSD_project",
  "lockfileVersion": 3,
  "requires": true,
  "packages": {
    "": {
      "dependencies": {
        "igniteui-angular-charts": "^17.2.0"
      }
    },
    "node_modules/@angular/common": {
      "version": "17.0.9",
      "resolved": "https://registry.npmjs.org/@angular/common/-/common-17.0.9.tgz",
      "integrity": "sha512-xNS7DDfvFqfLr6xeZNJ+jORuGXP6hhv2HsYD3jb6ZQ8+QuMg+3MDij4a0L5npn72gH/Zz4JRKZ3Bt4Cq6cUqUA==",
      "peer": true,
      "dependencies": {
        "tslib": "^2.3.0"
      },
      "engines": {
        "node": "^18.13.0 || >=20.9.0"
      },
      "peerDependencies": {
        "@angular/core": "17.0.9",
        "rxjs": "^6.5.3 || ^7.4.0"
      }
    },
    "node_modules/@angular/compiler": {
      "version": "17.0.9",
      "resolved": "https://registry.npmjs.org/@angular/compiler/-/compiler-17.0.9.tgz",
      "integrity": "sha512-xf0JChGttVoYPh0PRV3KnbujtlNFavcYzElS6W8iW64O+2HaSxaquWnolcgL5QT1rNGp4s/TxsttloLhbqxNmw==",
      "peer": true,
      "dependencies": {
        "tslib": "^2.3.0"
      },
      "engines": {
        "node": "^18.13.0 || >=20.9.0"
      },
      "peerDependencies": {
        "@angular/core": "17.0.9"
      },
      "peerDependenciesMeta": {
        "@angular/core": {
          "optional": true
        }
      }
    },
    "node_modules/@angular/core": {
      "version": "17.0.9",
      "resolved": "https://registry.npmjs.org/@angular/core/-/core-17.0.9.tgz",
      "integrity": "sha512-LtDWzyx19XNmAjXju9xjw//rDZPUFu2bllHqzS6NVO1bE4PwJHIs0zfvygh0j46ubKp1gUICNk3jvYK9FMVinA==",
      "peer": true,
      "dependencies": {
        "tslib": "^2.3.0"
      },
      "engines": {
        "node": "^18.13.0 || >=20.9.0"
      },
      "peerDependencies": {
        "rxjs": "^6.5.3 || ^7.4.0",
        "zone.js": "~0.14.0"
      }
    },
    "node_modules/igniteui-angular-charts": {
      "version": "17.2.0",
      "resolved": "https://registry.npmjs.org/igniteui-angular-charts/-/igniteui-angular-charts-17.2.0.tgz",
      "integrity": "sha512-MW38uDAc4il0epa2C3NNuP4SfG304R/F1HU1bD2CWxJfIXIOFTogzXRXBuVoTGDCfMqw7fwmqhcHdgmnsf1Q7Q==",
      "dependencies": {
        "tslib": "^2.3.1"
      },
      "peerDependencies": {
        "@angular/common": "^17.0.0",
        "@angular/compiler": "^17.0.0",
        "@angular/core": "^17.0.0",
        "igniteui-angular-core": "17.2.0"
      }
    },
    "node_modules/igniteui-angular-core": {
      "version": "17.2.0",
      "resolved": "https://registry.npmjs.org/igniteui-angular-core/-/igniteui-angular-core-17.2.0.tgz",
      "integrity": "sha512-se7GrFZEysZevR1Zpa9eg9ipwfLXav5RphO/v7XLLmHBbag6W02UjyAGWOUxsBH9P9Vg5eJM30d1FSxuDrknoA==",
      "peer": true,
      "dependencies": {
        "tslib": "^2.3.1"
      },
      "peerDependencies": {
        "@angular/common": "^17.0.0",
        "@angular/compiler": "^17.0.0",
        "@angular/core": "^17.0.0"
      }
    },
    "node_modules/rxjs": {
      "version": "7.8.1",
      "resolved": "https://registry.npmjs.org/rxjs/-/rxjs-7.8.1.tgz",
      "integrity": "sha512-AA3TVj+0A2iuIoQkWEK/tqFjBq2j+6PO6Y0zJcvzLAFhEFIO3HL0vls9hWLncZbAAbK0mar7oZ4V079I/qPMxg==",
      "peer": true,
      "dependencies": {
        "tslib": "^2.1.0"
      }
    },
    "node_modules/tslib": {
      "version": "2.6.2",
      "resolved": "https://registry.npmjs.org/tslib/-/tslib-2.6.2.tgz",
      "integrity": "sha512-AEYxH93jGFPn/a2iVAwW87VuUIkR1FVUKB77NwMF7nBTDkDrrT/Hpt/IrCJ0QXhW27jTBDcf5ZY7w6RiqTMw2Q=="
    },
    "node_modules/zone.js": {
      "version": "0.14.3",
      "resolved": "https://registry.npmjs.org/zone.js/-/zone.js-0.14.3.tgz",
      "integrity": "sha512-jYoNqF046Q+JfcZSItRSt+oXFcpXL88yq7XAZjb/NKTS7w2hHpKjRJ3VlFD1k75wMaRRXNUt5vrZVlygiMyHbA==",
      "peer": true,
      "dependencies": {
        "tslib": "^2.3.0"
      }
    }
  }
}
